Microsoft Visual Studio Solution File, Format Version 12.00
# Visual Studio Version 17
VisualStudioVersion = 17.5.2.0
MinimumVisualStudioVersion = 10.0.40219.1
Project("{FAE04EC0-301F-11D3-BF4B-00C04F79EFBC}") = "MvcHotel", "MvcHotel\MvcHotel.csproj", "{52D5D11F-DD64-EC1B-377C-A71D072F11C9}"
EndProject
Global
	GlobalSection(SolutionConfigurationPlatforms) = preSolution
		Debug|Any CPU = Debug|Any CPU
		Release|Any CPU = Release|Any CPU
	EndGlobalSection
	GlobalSection(ProjectConfigurationPlatforms) = postSolution
		{52D5D11F-DD64-EC1B-377C-A71D072F11C9}.Debug|Any CPU.ActiveCfg = Debug|Any CPU
		{52D5D11F-DD64-EC1B-377C-A71D072F11C9}.Debug|Any CPU.Build.0 = Debug|Any CPU
		{52D5D11F-DD64-EC1B-377C-A71D072F11C9}.Release|Any CPU.ActiveCfg = Release|Any CPU
		{52D5D11F-DD64-EC1B-377C-A71D072F11C9}.Release|Any CPU.Build.0 = Release|Any CPU
	EndGlobalSection
	GlobalSection(SolutionProperties) = preSolution
		HideSolutionNode = FALSE
	EndGlobalSection
	GlobalSection(ExtensibilityGlobals) = postSolution
		SolutionGuid = {D981432C-D90F-4646-B597-C7725ABE2F8E}
	EndGlobalSection
EndGlobal
